code.byted.org/gopkg/consul v1.0.2 h1:hpp6q04MMDmq675v9/FmRG7cDDKnnP99zVBKBEIm1SI=
code.byted.org/gopkg/consul v1.0.2/go.mod h1:bTBNpMNUDF8kKdnOIbcAt9D4hLfFykXraqyMm65ba1c=
code.byted.org/gopkg/context v0.0.0-20180305103152-469dc0c3bdd9 h1:jYt5Opa4GnHP8kjPAXDEGYi/+W0tJHqK6Dh52sdZckA=
code.byted.org/gopkg/context v0.0.0-20180305103152-469dc0c3bdd9/go.mod h1:QxW9l3Mb5p07iFoiCTpt22ykSQf/hqGtNXytjSeYEhc=
code.byted.org/gopkg/env v0.0.0-20190225121730-e654f2de06c6 h1:tCBDVdUJLcRKnTsNnIviaTA+BJdzH/XjhOtu8ir/xH0=
code.byted.org/gopkg/env v0.0.0-20190225121730-e654f2de06c6/go.mod h1:PLRgKZpOvrV1gh7u2OqJXfDyvbn4ocFVyB3m30lVMTU=
code.byted.org/gopkg/etcd_util v0.0.0-20181016075009-149305e55690 h1:AJDnagp2BBUCjV62cLGvY6pSScJpXjOQuM0ythEgfLY=
code.byted.org/gopkg/etcd_util v0.0.0-20181016075009-149305e55690/go.mod h1:ljmr1J0X5B9RmrBRf1T9vP6+LJ5TJkDoepNXrgk7Y58=
code.byted.org/gopkg/etcdproxy v0.0.0-20190304100257-fa0718ae4ee7 h1:kB+c3O43qpsNdryfAxRfN4hBDpoXpzNYiJPd2MvgCOY=
code.byted.org/gopkg/etcdproxy v0.0.0-20190304100257-fa0718ae4ee7/go.mod h1:N6J1cRj/Z8XVnvJeqOeKUWpmbpQuJLvZrils/H91InM=
code.byted.org/gopkg/logs v0.0.0-20190327085046-6bb678d340fb h1:APP7+is5/lO4xfwbAzF/39YmpwLxyQCRcY4mFGoEHEc=
code.byted.org/gopkg/logs v0.0.0-20190327085046-6bb678d340fb/go.mod h1:0FvBDCrefeCuC0TctmmeJ4fM0rojtCOJTnwRKeYNh9I=
code.byted.org/gopkg/metrics v1.1.0 h1:+xKoM5qvcWXEjxJyFkEE3QXgAMRxK3EKH9yGal/5U5k=
code.byted.org/gopkg/metrics v1.1.0/go.mod h1:8Egy2c99cbYGdlaDcgZUm33PGqvHfnZwsRR/O51RSSo=
code.byted.org/gopkg/net2 v0.0.0-20181223083723-aad4891b789e h1:zmVOd/MpkTsIJcxePtbx4I3BofziewqtOw0u1NYAe5Y=
code.byted.org/gopkg/net2 v0.0.0-20181223083723-aad4891b789e/go.mod h1:RDo4suupud1KOGkXqZ887RNeQzNz4xIL89/DqViVObU=
code.byted.org/gopkg/pkg v0.0.0-20190131145814-a0accc94e367 h1:fG062Rqlde5w5OSd+taxrbHmBdeb4giRdlobaKvEyjM=
code.byted.org/gopkg/pkg v0.0.0-20190131145814-a0accc94e367/go.mod h1:lREEMoH5747baGiVcR4HKWNRtEExefHprdTeQ+rQD+I=
code.byted.org/gopkg/tccclient v1.2.0 h1:wwH6Bnxb7KaAq5whWkTVx0IQsL2FSnB1EZbsC1hjZcE=
code.byted.org/gopkg/tccclient v1.2.0/go.mod h1:3k/mU8W0FfKJg8nKvbMdN33etzgXj2rOEAzX1KeDes4=
code.byted.org/log_market/gosdk v0.0.0-20190108095111-bc310150c322 h1:MY6I+9u0Y6KnD74rlIrKX2f4Kba7Lx/Mu6zo0n2sypY=
code.byted.org/log_market/gosdk v0.0.0-20190108095111-bc310150c322/go.mod h1:NRonQUBJ+OqGoS6IVxqB4ojuDXuOAi76zVArL+OpIYI=
github.com/davecgh/go-spew v1.1.0/go.mod h1:J7Y8YcW2NihsgmVo/mv3lAwl/skON4iLHjSsI+c5H38=
github.com/davecgh/go-spew v1.1.1 h1:vj9j/u1bqnvCEfJOwUhtlOARqs3+rkHYY13jYWTU97c=
github.com/davecgh/go-spew v1.1.1/go.mod h1:J7Y8YcW2NihsgmVo/mv3lAwl/skON4iLHjSsI+c5H38=
github.com/facebookgo/ensure v0.0.0-20160127193407-b4ab57deab51/go.mod h1:Yg+htXGokKKdzcwhuNDwVvN+uBxDGXJ7G/VN1d8fa64=
github.com/facebookgo/stack v0.0.0-20160209184415-751773369052/go.mod h1:UbMTZqLaRiH3MsBH8va0n7s1pQYcu3uTb8G4tygF4Zg=
github.com/facebookgo/subset v0.0.0-20150612182917-8dac2c3c4870/go.mod h1:5tD+neXqOorC30/tWg0LCSkrqj/AR6gu8yY8/fpw1q0=
github.com/gogo/protobuf v1.2.1 h1:/s5zKNz0uPFCZ5hddgPdo2TK2TVrUNMn0OOX8/aZMTE=
github.com/gogo/protobuf v1.2.1/go.mod h1:hp+jE20tsWTFYpLwKvXlhS1hjn+gTNwPg2I6zVXpSg4=
github.com/golang/protobuf v1.3.1 h1:YF8+flBXS5eO826T4nzqPrxfhQThhXl0YzfuUPu4SBg=
github.com/golang/protobuf v1.3.1/go.mod h1:6lQm79b+lXiMfvg/cZm0SGofjICqVBUtrP5yJMmIC1U=
github.com/juju/ratelimit v1.0.1 h1:+7AIFJVQ0EQgq/K9+0Krm7m530Du7tIz0METWzN0RgY=
github.com/juju/ratelimit v1.0.1/go.mod h1:qapgC/Gy+xNh9UxzV13HGGl/6UXNN+ct+vwSgWNm/qk=
github.com/kisielk/errcheck v1.1.0/go.mod h1:EZBBE59ingxPouuu3KfxchcWSUPOHkagtvWXihfKN4Q=
github.com/kisielk/gotool v1.0.0/go.mod h1:XhKaO+MFFWcvkIS/tQcRk01m1F5IRFswLeQ+oQHNcck=
github.com/kr/pretty v0.1.0 h1:L/CwN0zerZDmRFUapSPitk6f+Q3+0za1rQkzVuMiMFI=
github.com/kr/pretty v0.1.0/go.mod h1:dAy3ld7l9f0ibDNOQOHHMYYIIbhfbHSm3C4ZsoJORNo=
github.com/kr/pty v1.1.1/go.mod h1:pFQYn66WHrOpPYNljwOMqo10TkYh1fy3cYio2l3bCsQ=
github.com/kr/text v0.1.0 h1:45sCR5RtlFHMR4UwH9sdQ5TC8v0qDQCHnXt+kaKSTVE=
github.com/kr/text v0.1.0/go.mod h1:4Jbv+DJW3UT/LiOwJeYQe1efqtUx/iVham/4vfdArNI=
github.com/pmezard/go-difflib v1.0.0 h1:4DBwDE0NGyQoBHbLQYPwSUPoCMWR5BEzIk/f1lZbAQM=
github.com/pmezard/go-difflib v1.0.0/go.mod h1:iKH77koFhYxTK1pcRnkKkqfTogsbg7gZNVY4sRDYZ/4=
github.com/stretchr/objx v0.1.0/go.mod h1:HFkY916IF+rwdDfMAkV7OtwuqBVzrE8GR6GFx+wExME=
github.com/stretchr/objx v0.4.0/go.mod h1:YvHI0jy2hoMjB+UWwv71VJQ9isScKT/TqJzVSSt89Yw=
github.com/stretchr/testify v1.7.1/go.mod h1:6Fq8oRcR53rry900zMqJjRRixrwX3KX962/h/Wwjteg=
github.com/stretchr/testify v1.8.0 h1:pSgiaMZlXftHpm5L7V1+rVB+AZJydKsMxsQBIJw4PKk=
github.com/stretchr/testify v1.8.0/go.mod h1:yNjHg4UonilssWZ8iaSj1OCr/vHnekPRkoO+kdMU+MU=
golang.org/x/tools v0.0.0-20180221164845-07fd8470d635/go.mod h1:n7NCudcB/nEzxVGmLbDWY5pfWTLqBcC2KZ6jyYvM4mQ=
gopkg.in/check.v1 v0.0.0-20161208181325-20d25e280405/go.mod h1:Co6ibVJAznAaIkqp8huTwlJQCZ016jof/cbN4VW5Yz0=
gopkg.in/check.v1 v1.0.0-20180628173108-788fd7840127 h1:qIbj1fsPNlZgppZ+VLlY7N33q108Sa+fhmuc+sWQYwY=
gopkg.in/check.v1 v1.0.0-20180628173108-788fd7840127/go.mod h1:Co6ibVJAznAaIkqp8huTwlJQCZ016jof/cbN4VW5Yz0=
gopkg.in/yaml.v3 v3.0.0-20200313102051-9f266ea9e77c/go.mod h1:K4uyk7z7BCEPqu6E+C64Yfv1cQ7kz7rIZviUmN+EgEM=
gopkg.in/yaml.v3 v3.0.1 h1:fxVm/GzAzEWqLHuvctI91KS9hhNmmWOoWu0XTYJS7CA=
gopkg.in/yaml.v3 v3.0.1/go.mod h1:K4uyk7z7BCEPqu6E+C64Yfv1cQ7kz7rIZviUmN+EgEM=
